// !$*UTF8*$!
{
	archiveVersion = 1;
	classes = {
	};
	objectVersion = 56;
	objects = {

/* Begin PBXBuildFile section */
		54F19E422BB6BB7B00EF0870 /* AppDelegate.swift in Sources */ = {isa = PBXBuildFile; fileRef = 54F19E412BB6BB7B00EF0870 /* AppDelegate.swift */; };
		54F19E442BB6BB7B00EF0870 /* SceneDelegate.swift in Sources */ = {isa = PBXBuildFile; fileRef = 54F19E432BB6BB7B00EF0870 /* SceneDelegate.swift */; };
		54F19E462BB6BB7B00EF0870 /* ViewController.swift in Sources */ = {isa = PBXBuildFile; fileRef = 54F19E452BB6BB7B00EF0870 /* ViewController.swift */; };
		54F19E492BB6BB7B00EF0870 /* Base in Resources */ = {isa = PBXBuildFile; fileRef = 54F19E482BB6BB7B00EF0870 /* Base */; };
		54F19E4B2BB6BB7C00EF0870 /* Assets.xcassets in Resources */ = {isa = PBXBuildFile; fileRef = 54F19E4A2BB6BB7C00EF0870 /* Assets.xcassets */; };
		54F19E4E2BB6BB7C00EF0870 /* Base in Resources */ = {isa = PBXBuildFile; fileRef = 54F19E4D2BB6BB7C00EF0870 /* Base */; };
		54F19E722BB6BC9D00EF0870 /* MyTodoListViewController.swift in Sources */ = {isa = PBXBuildFile; fileRef = 54F19E712BB6BC9D00EF0870 /* MyTodoListViewController.swift */; };
		54F19E742BB6C0FF00EF0870 /* MyTodoListTableViewCell.swift in Sources */ = {isa = PBXBuildFile; fileRef = 54F19E732BB6C0FF00EF0870 /* MyTodoListTableViewCell.swift */; };
		54F19E762BB6C5BC00EF0870 /* MyTodo.swift in Sources */ = {isa = PBXBuildFile; fileRef = 54F19E752BB6C5BC00EF0870 /* MyTodo.swift */; };
/* End PBXBuildFile section */

/* Begin PBXContainerItemProxy section */
		54F19E552BB6BB7C00EF0870 /* PBXContainerItemProxy */ = {
			isa = PBXContainerItemProxy;
			containerPortal = 54F19E362BB6BB7B00EF0870 /* Project object */;
			proxyType = 1;
			remoteGlobalIDString = 54F19E3D2BB6BB7B00EF0870;
			remoteInfo = StayJun_TodoList_UI;
		};
		54F19E5F2BB6BB7C00EF0870 /* PBXContainerItemProxy */ = {
			isa = PBXContainerItemProxy;
			containerPortal = 54F19E362BB6BB7B00EF0870 /* Project object */;
			proxyType = 1;
			remoteGlobalIDString = 54F19E3D2BB6BB7B00EF0870;
			remoteInfo = StayJun_TodoList_UI;
		};
/* End PBXContainerItemProxy section */

/* Begin PBXFileReference section */
		54F19E3E2BB6BB7B00EF0870 /* TodoList_UI.app */ = {isa = PBXFileReference; explicitFileType = wrapper.application; includeInIndex = 0; path = TodoList_UI.app; sourceTree = BUILT_PRODUCTS_DIR; };
		54F19E412BB6BB7B00EF0870 /* AppDelegate.swift */ = {isa = PBXFileReference; lastKnownFileType = sourcecode.swift; path = AppDelegate.swift; sourceTree = "<group>"; };
		54F19E432BB6BB7B00EF0870 /* SceneDelegate.swift */ = {isa = PBXFileReference; lastKnownFileType = sourcecode.swift; path = SceneDelegate.swift; sourceTree = "<group>"; };
		54F19E452BB6BB7B00EF0870 /* ViewController.swift */ = {isa = PBXFileReference; lastKnownFileType = sourcecode.swift; path = ViewController.swift; sourceTree = "<group>"; };
		54F19E482BB6BB7B00EF0870 /* Base */ = {isa = PBXFileReference; lastKnownFileType = file.storyboard; name = Base; path = Base.lproj/Main.storyboard; sourceTree = "<group>"; };
		54F19E4A2BB6BB7C00EF0870 /* Assets.xcassets */ = {isa = PBXFileReference; lastKnownFileType = folder.assetcatalog; path = Assets.xcassets; sourceTree = "<group>"; };
		54F19E4D2BB6BB7C00EF0870 /* Base */ = {isa = PBXFileReference; lastKnownFileType = file.storyboard; name = Base; path = Base.lproj/LaunchScreen.storyboard; sourceTree = "<group>"; };
		54F19E4F2BB6BB7C00EF0870 /* Info.plist */ = {isa = PBXFileReference; lastKnownFileType = text.plist.xml; path = Info.plist; sourceTree = "<group>"; };
		54F19E542BB6BB7C00EF0870 /* TodoList_UITests.xctest */ = {isa = PBXFileReference; explicitFileType = wrapper.cfbundle; includeInIndex = 0; path = TodoList_UITests.xctest; sourceTree = BUILT_PRODUCTS_DIR; };
		54F19E5E2BB6BB7C00EF0870 /* TodoList_UIUITests.xctest */ = {isa = PBXFileReference; explicitFileType = wrapper.cfbundle; includeInIndex = 0; path = TodoList_UIUITests.xctest; sourceTree = BUILT_PRODUCTS_DIR; };
		54F19E712BB6BC9D00EF0870 /* MyTodoListViewController.swift */ = {isa = PBXFileReference; lastKnownFileType = sourcecode.swift; path = MyTodoListViewController.swift; sourceTree = "<group>"; };
		54F19E732BB6C0FF00EF0870 /* MyTodoListTableViewCell.swift */ = {isa = PBXFileReference; lastKnownFileType = sourcecode.swift; path = MyTodoListTableViewCell.swift; sourceTree = "<group>"; };
		54F19E752BB6C5BC00EF0870 /* MyTodo.swift */ = {isa = PBXFileReference; lastKnownFileType = sourcecode.swift; path = MyTodo.swift; sourceTree = "<group>"; };
/* End PBXFileReference section */

/* Begin PBXFrameworksBuildPhase section */
		54F19E3B2BB6BB7B00EF0870 /* Frameworks */ = {
			isa = PBXFrameworksBuildPhase;
			buildActionMask = 2147483647;
			files = (
			);
			runOnlyForDeploymentPostprocessing = 0;
		};
		54F19E512BB6BB7C00EF0870 /* Frameworks */ = {
			isa = PBXFrameworksBuildPhase;
			buildActionMask = 2147483647;
			files = (
			);
			runOnlyForDeploymentPostprocessing = 0;
		};
		54F19E5B2BB6BB7C00EF0870 /* Frameworks */ = {
			isa = PBXFrameworksBuildPhase;
			buildActionMask = 2147483647;
			files = (
			);
			runOnlyForDeploymentPostprocessing = 0;
		};
/* End PBXFrameworksBuildPhase section */

/* Begin PBXGroup section */
		54F19E352BB6BB7B00EF0870 = {
			isa = PBXGroup;
			children = (
				54F19E402BB6BB7B00EF0870 /* TodoList */,
				54F19E3F2BB6BB7B00EF0870 /* Products */,
			);
			sourceTree = "<group>";
		};
		54F19E3F2BB6BB7B00EF0870 /* Products */ = {
			isa = PBXGroup;
			children = (
				54F19E3E2BB6BB7B00EF0870 /* TodoList_UI.app */,
				54F19E542BB6BB7C00EF0870 /* TodoList_UITests.xctest */,
				54F19E5E2BB6BB7C00EF0870 /* TodoList_UIUITests.xctest */,
			);
			name = Products;
			sourceTree = "<group>";
		};
		54F19E402BB6BB7B00EF0870 /* TodoList */ = {
			isa = PBXGroup;
			children = (
				54F19E412BB6BB7B00EF0870 /* AppDelegate.swift */,
				54F19E432BB6BB7B00EF0870 /* SceneDelegate.swift */,
				54F19E452BB6BB7B00EF0870 /* ViewController.swift */,
				54F19E472BB6BB7B00EF0870 /* Main.storyboard */,
				54F19E4A2BB6BB7C00EF0870 /* Assets.xcassets */,
				54F19E4C2BB6BB7C00EF0870 /* LaunchScreen.storyboard */,
				54F19E4F2BB6BB7C00EF0870 /* Info.plist */,
				54F19E712BB6BC9D00EF0870 /* MyTodoListViewController.swift */,
				54F19E732BB6C0FF00EF0870 /* MyTodoListTableViewCell.swift */,
				54F19E752BB6C5BC00EF0870 /* MyTodo.swift */,
			);
			path = TodoList;
			sourceTree = "<group>";
		};
/* End PBXGroup section */

/* Begin PBXNativeTarget section */
		54F19E3D2BB6BB7B00EF0870 /* TodoList_UI */ = {
			isa = PBXNativeTarget;
			buildConfigurationList = 54F19E682BB6BB7C00EF0870 /* Build configuration list for PBXNativeTarget "TodoList_UI" */;
			buildPhases = (
				54F19E3A2BB6BB7B00EF0870 /* Sources */,
				54F19E3B2BB6BB7B00EF0870 /* Frameworks */,
				54F19E3C2BB6BB7B00EF0870 /* Resources */,
			);
			buildRules = (
			);
			dependencies = (
			);
			name = TodoList_UI;
			productName = StayJun_TodoList_UI;
			productReference = 54F19E3E2BB6BB7B00EF0870 /* TodoList_UI.app */;
			productType = "com.apple.product-type.application";
		};
		54F19E532BB6BB7C00EF0870 /* TodoList_UITests */ = {
			isa = PBXNativeTarget;
			buildConfigurationList = 54F19E6B2BB6BB7C00EF0870 /* Build configuration list for PBXNativeTarget "TodoList_UITests" */;
			buildPhases = (
				54F19E502BB6BB7C00EF0870 /* Sources */,
				54F19E512BB6BB7C00EF0870 /* Frameworks */,
				54F19E522BB6BB7C00EF0870 /* Resources */,
			);
			buildRules = (
			);
			dependencies = (
				54F19E562BB6BB7C00EF0870 /* PBXTargetDependency */,
			);
			name = TodoList_UITests;
			productName = StayJun_TodoList_UITests;
			productReference = 54F19E542BB6BB7C00EF0870 /* TodoList_UITests.xctest */;
			productType = "com.apple.product-type.bundle.unit-test";
		};
		54F19E5D2BB6BB7C00EF0870 /* TodoList_UIUITests */ = {
			isa = PBXNativeTarget;
			buildConfigurationList = 54F19E6E2BB6BB7C00EF0870 /* Build configuration list for PBXNativeTarget "TodoList_UIUITests" */;
			buildPhases = (
				54F19E5A2BB6BB7C00EF0870 /* Sources */,
				54F19E5B2BB6BB7C00EF0870 /* Frameworks */,
				54F19E5C2BB6BB7C00EF0870 /* Resources */,
			);
			buildRules = (
			);
			dependencies = (
				54F19E602BB6BB7C00EF0870 /* PBXTargetDependency */,
			);
			name = TodoList_UIUITests;
			productName = StayJun_TodoList_UIUITests;
			productReference = 54F19E5E2BB6BB7C00EF0870 /* TodoList_UIUITests.xctest */;
			productType = "com.apple.product-type.bundle.ui-testing";
		};
/* End PBXNativeTarget section */

/* Begin PBXProject section */
		54F19E362BB6BB7B00EF0870 /* Project object */ = {
			isa = PBXProject;
			attributes = {
				BuildIndependentTargetsInParallel = 1;
				LastSwiftUpdateCheck = 1530;
				LastUpgradeCheck = 1530;
				TargetAttributes = {
					54F19E3D2BB6BB7B00EF0870 = {
						CreatedOnToolsVersion = 15.3;
					};
					54F19E532BB6BB7C00EF0870 = {
						CreatedOnToolsVersion = 15.3;
						TestTargetID = 54F19E3D2BB6BB7B00EF0870;
					};
					54F19E5D2BB6BB7C00EF0870 = {
						CreatedOnToolsVersion = 15.3;
						TestTargetID = 54F19E3D2BB6BB7B00EF0870;
					};
				};
			};
			buildConfigurationList = 54F19E392BB6BB7B00EF0870 /* Build configuration list for PBXProject "TodoList" */;
			compatibilityVersion = "Xcode 14.0";
			developmentRegion = en;
			hasScannedForEncodings = 0;
			knownRegions = (
				en,
				Base,
			);
			mainGroup = 54F19E352BB6BB7B00EF0870;
			productRefGroup = 54F19E3F2BB6BB7B00EF0870 /* Products */;
			projectDirPath = "";
			projectRoot = "";
			targets = (
				54F19E3D2BB6BB7B00EF0870 /* TodoList_UI */,
				54F19E532BB6BB7C00EF0870 /* TodoList_UITests */,
				54F19E5D2BB6BB7C00EF0870 /* TodoList_UIUITests */,
			);
		};
/* End PBXProject section */

/* Begin PBXResourcesBuildPhase section */
		54F19E3C2BB6BB7B00EF0870 /* Resources */ = {
			isa = PBXResourcesBuildPhase;
			buildActionMask = 2147483647;
			files = (
				54F19E4B2BB6BB7C00EF0870 /* Assets.xcassets in Resources */,
				54F19E4E2BB6BB7C00EF0870 /* Base in Resources */,
				54F19E492BB6BB7B00EF0870 /* Base in Resources */,
			);
			runOnlyForDeploymentPostprocessing = 0;
		};
		54F19E522BB6BB7C00EF0870 /* Resources */ = {
			isa = PBXResourcesBuildPhase;
			buildActionMask = 2147483647;
			files = (
			);
			runOnlyForDeploymentPostprocessing = 0;
		};
		54F19E5C2BB6BB7C00EF0870 /* Resources */ = {
			isa = PBXResourcesBuildPhase;
			buildActionMask = 2147483647;
			files = (
			);
			runOnlyForDeploymentPostprocessing = 0;
		};
/* End PBXResourcesBuildPhase section */

/* Begin PBXSourcesBuildPhase section */
		54F19E3A2BB6BB7B00EF0870 /* Sources */ = {
			isa = PBXSourcesBuildPhase;
			buildActionMask = 2147483647;
			files = (
				54F19E722BB6BC9D00EF0870 /* MyTodoListViewController.swift in Sources */,
				54F19E762BB6C5BC00EF0870 /* MyTodo.swift in Sources */,
				54F19E462BB6BB7B00EF0870 /* ViewController.swift in Sources */,
				54F19E742BB6C0FF00EF0870 /* MyTodoListTableViewCell.swift in Sources */,
				54F19E422BB6BB7B00EF0870 /* AppDelegate.swift in Sources */,
				54F19E442BB6BB7B00EF0870 /* SceneDelegate.swift in Sources */,
			);
			runOnlyForDeploymentPostprocessing = 0;
		};
		54F19E502BB6BB7C00EF0870 /* Sources */ = {
			isa = PBXSourcesBuildPhase;
			buildActionMask = 2147483647;
			files = (
			);
			runOnlyForDeploymentPostprocessing = 0;
		};
		54F19E5A2BB6BB7C00EF0870 /* Sources */ = {
			isa = PBXSourcesBuildPhase;
			buildActionMask = 2147483647;
			files = (
			);
			runOnlyForDeploymentPostprocessing = 0;
		};
/* End PBXSourcesBuildPhase section */

/* Begin PBXTargetDependency section */
		54F19E562BB6BB7C00EF0870 /* PBXTargetDependency */ = {
			isa = PBXTargetDependency;
			target = 54F19E3D2BB6BB7B00EF0870 /* TodoList_UI */;
			targetProxy = 54F19E552BB6BB7C00EF0870 /* PBXContainerItemProxy */;
		};
		54F19E602BB6BB7C00EF0870 /* PBXTargetDependency */ = {
			isa = PBXTargetDependency;
			target = 54F19E3D2BB6BB7B00EF0870 /* TodoList_UI */;
			targetProxy = 54F19E5F2BB6BB7C00EF0870 /* PBXContainerItemProxy */;
		};
/* End PBXTargetDependency section */

/* Begin PBXVariantGroup section */
		54F19E472BB6BB7B00EF0870 /* Main.storyboard */ = {
			isa = PBXVariantGroup;
			children = (
				54F19E482BB6BB7B00EF0870 /* Base */,
			);
			name = Main.storyboard;
			sourceTree = "<group>";
		};
		54F19E4C2BB6BB7C00EF0870 /* LaunchScreen.storyboard */ = {
			isa = PBXVariantGroup;
			children = (
				54F19E4D2BB6BB7C00EF0870 /* Base */,
			);
			name = LaunchScreen.storyboard;
			sourceTree = "<group>";
		};
/* End PBXVariantGroup section */

/* Begin XCBuildConfiguration section */
		54F19E662BB6BB7C00EF0870 /* Debug */ = {
			isa = XCBuildConfiguration;
			buildSettings = {
				ALWAYS_SEARCH_USER_PATHS = NO;
				ASSETCATALOG_COMPILER_GENERATE_SWIFT_ASSET_SYMBOL_EXTENSIONS = YES;
				CLANG_ANALYZER_NONNULL = YES;
				CLANG_ANALYZER_NUMBER_OBJECT_CONVERSION = YES_AGGRESSIVE;
				CLANG_CXX_LANGUAGE_STANDARD = "gnu++20";
				CLANG_ENABLE_MODULES = YES;
				CLANG_ENABLE_OBJC_ARC = YES;
				CLANG_ENABLE_OBJC_WEAK = YES;
				CLANG_WARN_BLOCK_CAPTURE_AUTORELEASING = YES;
				CLANG_WARN_BOOL_CONVERSION = YES;
				CLANG_WARN_COMMA = YES;
				CLANG_WARN_CONSTANT_CONVERSION = YES;
				CLANG_WARN_DEPRECATED_OBJC_IMPLEMENTATIONS = YES;
				CLANG_WARN_DIRECT_OBJC_ISA_USAGE = YES_ERROR;
				CLANG_WARN_DOCUMENTATION_COMMENTS = YES;
				CLANG_WARN_EMPTY_BODY = YES;
				CLANG_WARN_ENUM_CONVERSION = YES;
				CLANG_WARN_INFINITE_RECURSION = YES;
				CLANG_WARN_INT_CONVERSION = YES;
				CLANG_WARN_NON_LITERAL_NULL_CONVERSION = YES;
				CLANG_WARN_OBJC_IMPLICIT_RETAIN_SELF = YES;
				CLANG_WARN_OBJC_LITERAL_CONVERSION = YES;
				CLANG_WARN_OBJC_ROOT_CLASS = YES_ERROR;
				CLANG_WARN_QUOTED_INCLUDE_IN_FRAMEWORK_HEADER = YES;
				CLANG_WARN_RANGE_LOOP_ANALYSIS = YES;
				CLANG_WARN_STRICT_PROTOTYPES = YES;
				CLANG_WARN_SUSPICIOUS_MOVE = YES;
				CLANG_WARN_UNGUARDED_AVAILABILITY = YES_AGGRESSIVE;
				CLANG_WARN_UNREACHABLE_CODE = YES;
				CLANG_WARN__DUPLICATE_METHOD_MATCH = YES;
				COPY_PHASE_STRIP = NO;
				DEBUG_INFORMATION_FORMAT = dwarf;
				ENABLE_STRICT_OBJC_MSGSEND = YES;
				ENABLE_TESTABILITY = YES;
				ENABLE_USER_SCRIPT_SANDBOXING = YES;
				GCC_C_LANGUAGE_STANDARD = gnu17;
				GCC_DYNAMIC_NO_PIC = NO;
				GCC_NO_COMMON_BLOCKS = YES;
				GCC_OPTIMIZATION_LEVEL = 0;
				GCC_PREPROCESSOR_DEFINITIONS = (
					"DEBUG=1",
					"$(inherited)",
				);
				GCC_WARN_64_TO_32_BIT_CONVERSION = YES;
				GCC_WARN_ABOUT_RETURN_TYPE = YES_ERROR;
				GCC_WARN_UNDECLARED_SELECTOR = YES;
				GCC_WARN_UNINITIALIZED_AUTOS = YES_AGGRESSIVE;
				GCC_WARN_UNUSED_FUNCTION = YES;
				GCC_WARN_UNUSED_VARIABLE = YES;
				IPHONEOS_DEPLOYMENT_TARGET = 17.4;
				LOCALIZATION_PREFERS_STRING_CATALOGS = YES;
				MTL_ENABLE_DEBUG_INFO = INCLUDE_SOURCE;
				MTL_FAST_MATH = YES;
				ONLY_ACTIVE_ARCH = YES;
				SDKROOT = iphoneos;
				SWIFT_ACTIVE_COMPILATION_CONDITIONS = "DEBUG $(inherited)";
				SWIFT_OPTIMIZATION_LEVEL = "-Onone";
			};
			name = Debug;
		};
		54F19E672BB6BB7C00EF0870 /* Release */ = {
			isa = XCBuildConfiguration;
			buildSettings = {
				ALWAYS_SEARCH_USER_PATHS = NO;
				ASSETCATALOG_COMPILER_GENERATE_SWIFT_ASSET_SYMBOL_EXTENSIONS = YES;
				CLANG_ANALYZER_NONNULL = YES;
				CLANG_ANALYZER_NUMBER_OBJECT_CONVERSION = YES_AGGRESSIVE;
				CLANG_CXX_LANGUAGE_STANDARD = "gnu++20";
				CLANG_ENABLE_MODULES = YES;
				CLANG_ENABLE_OBJC_ARC = YES;
				CLANG_ENABLE_OBJC_WEAK = YES;
				CLANG_WARN_BLOCK_CAPTURE_AUTORELEASING = YES;
				CLANG_WARN_BOOL_CONVERSION = YES;
				CLANG_WARN_COMMA = YES;
				CLANG_WARN_CONSTANT_CONVERSION = YES;
				CLANG_WARN_DEPRECATED_OBJC_IMPLEMENTATIONS = YES;
				CLANG_WARN_DIRECT_OBJC_ISA_USAGE = YES_ERROR;
				CLANG_WARN_DOCUMENTATION_COMMENTS = YES;
				CLANG_WARN_EMPTY_BODY = YES;
				CLANG_WARN_ENUM_CONVERSION = YES;
				CLANG_WARN_INFINITE_RECURSION = YES;
				CLANG_WARN_INT_CONVERSION = YES;
				CLANG_WARN_NON_LITERAL_NULL_CONVERSION = YES;
				CLANG_WARN_OBJC_IMPLICIT_RETAIN_SELF = YES;
				CLANG_WARN_OBJC_LITERAL_CONVERSION = YES;
				CLANG_WARN_OBJC_ROOT_CLASS = YES_ERROR;
				CLANG_WARN_QUOTED_INCLUDE_IN_FRAMEWORK_HEADER = YES;
				CLANG_WARN_RANGE_LOOP_ANALYSIS = YES;
				CLANG_WARN_STRICT_PROTOTYPES = YES;
				CLANG_WARN_SUSPICIOUS_MOVE = YES;
				CLANG_WARN_UNGUARDED_AVAILABILITY = YES_AGGRESSIVE;
				CLANG_WARN_UNREACHABLE_CODE = YES;
				CLANG_WARN__DUPLICATE_METHOD_MATCH = YES;
				COPY_PHASE_STRIP = NO;
				DEBUG_INFORMATION_FORMAT = "dwarf-with-dsym";
				ENABLE_NS_ASSERTIONS = NO;
				ENABLE_STRICT_OBJC_MSGSEND = YES;
				ENABLE_USER_SCRIPT_SANDBOXING = YES;
				GCC_C_LANGUAGE_STANDARD = gnu17;
				GCC_NO_COMMON_BLOCKS = YES;
				GCC_WARN_64_TO_32_BIT_CONVERSION = YES;
				GCC_WARN_ABOUT_RETURN_TYPE = YES_ERROR;
				GCC_WARN_UNDECLARED_SELECTOR = YES;
				GCC_WARN_UNINITIALIZED_AUTOS = YES_AGGRESSIVE;
				GCC_WARN_UNUSED_FUNCTION = YES;
				GCC_WARN_UNUSED_VARIABLE = YES;
				IPHONEOS_DEPLOYMENT_TARGET = 17.4;
				LOCALIZATION_PREFERS_STRING_CATALOGS = YES;
				MTL_ENABLE_DEBUG_INFO = NO;
				MTL_FAST_MATH = YES;
				SDKROOT = iphoneos;
				SWIFT_COMPILATION_MODE = wholemodule;
				VALIDATE_PRODUCT = YES;
			};
			name = Release;
		};
		54F19E692BB6BB7C00EF0870 /* Debug */ = {
			isa = XCBuildConfiguration;
			buildSettings = {
				ASSETCATALOG_COMPILER_APPICON_NAME = AppIcon;
				ASSETCATALOG_COMPILER_GLOBAL_ACCENT_COLOR_NAME = AccentColor;
				CODE_SIGN_STYLE = Automatic;
				CURRENT_PROJECT_VERSION = 1;
				GENERATE_INFOPLIST_FILE = YES;
				INFOPLIST_FILE = StayJun_TodoList_UI/Info.plist;
				INFOPLIST_KEY_UIApplicationSupportsIndirectInputEvents = YES;
				INFOPLIST_KEY_UILaunchStoryboardName = LaunchScreen;
				INFOPLIST_KEY_UIMainStoryboardFile = Main;
				INFOPLIST_KEY_UISupportedInterfaceOrientations_iPad = "UIInterfaceOrientationPortrait UIInterfaceOrientationPortraitUpsideDown UIInterfaceOrientationLandscapeLeft UIInterfaceOrientationLandscapeRight";
				INFOPLIST_KEY_UISupportedInterfaceOrientations_iPhone = "UIInterfaceOrientationPortrait UIInterfaceOrientationLandscapeLeft UIInterfaceOrientationLandscapeRight";
				LD_RUNPATH_SEARCH_PATHS = (
					"$(inherited)",
					"@executable_path/Frameworks",
				);
				MARKETING_VERSION = 1.0;
				PRODUCT_BUNDLE_IDENTIFIER = "Junyoung.StayJun-TodoList-UI";
				PRODUCT_NAME = "$(TARGET_NAME)";
				SWIFT_EMIT_LOC_STRINGS = YES;
				SWIFT_VERSION = 5.0;
				TARGETED_DEVICE_FAMILY = "1,2";
			};
			name = Debug;
		};
		54F19E6A2BB6BB7C00EF0870 /* Release */ = {
			isa = XCBuildConfiguration;
			buildSettings = {
				ASSETCATALOG_COMPILER_APPICON_NAME = AppIcon;
				ASSETCATALOG_COMPILER_GLOBAL_ACCENT_COLOR_NAME = AccentColor;
				CODE_SIGN_STYLE = Automatic;
				CURRENT_PROJECT_VERSION = 1;
				GENERATE_INFOPLIST_FILE = YES;
				INFOPLIST_FILE = StayJun_TodoList_UI/Info.plist;
				INFOPLIST_KEY_UIApplicationSupportsIndirectInputEvents = YES;
				INFOPLIST_KEY_UILaunchStoryboardName = LaunchScreen;
				INFOPLIST_KEY_UIMainStoryboardFile = Main;
				INFOPLIST_KEY_UISupportedInterfaceOrientations_iPad = "UIInterfaceOrientationPortrait UIInterfaceOrientationPortraitUpsideDown UIInterfaceOrientationLandscapeLeft UIInterfaceOrientationLandscapeRight";
				INFOPLIST_KEY_UISupportedInterfaceOrientations_iPhone = "UIInterfaceOrientationPortrait UIInterfaceOrientationLandscapeLeft UIInterfaceOrientationLandscapeRight";
				LD_RUNPATH_SEARCH_PATHS = (
					"$(inherited)",
					"@executable_path/Frameworks",
				);
				MARKETING_VERSION = 1.0;
				PRODUCT_BUNDLE_IDENTIFIER = "Junyoung.StayJun-TodoList-UI";
				PRODUCT_NAME = "$(TARGET_NAME)";
				SWIFT_EMIT_LOC_STRINGS = YES;
				SWIFT_VERSION = 5.0;
				TARGETED_DEVICE_FAMILY = "1,2";
			};
			name = Release;
		};
		54F19E6C2BB6BB7C00EF0870 /* Debug */ = {
			isa = XCBuildConfiguration;
			buildSettings = {
				ALWAYS_EMBED_SWIFT_STANDARD_LIBRARIES = YES;
				BUNDLE_LOADER = "$(TEST_HOST)";
				CODE_SIGN_STYLE = Automatic;
				CURRENT_PROJECT_VERSION = 1;
				GENERATE_INFOPLIST_FILE = YES;
				IPHONEOS_DEPLOYMENT_TARGET = 17.4;
				MARKETING_VERSION = 1.0;
				PRODUCT_BUNDLE_IDENTIFIER = "Junyoung.StayJun-TodoList-UITests";
				PRODUCT_NAME = "$(TARGET_NAME)";
				SWIFT_EMIT_LOC_STRINGS = NO;
				SWIFT_VERSION = 5.0;
				TARGETED_DEVICE_FAMILY = "1,2";
				TEST_HOST = "$(BUILT_PRODUCTS_DIR)/StayJun_TodoList_UI.app/$(BUNDLE_EXECUTABLE_FOLDER_PATH)/StayJun_TodoList_UI";
			};
			name = Debug;
		};
		54F19E6D2BB6BB7C00EF0870 /* Release */ = {
			isa = XCBuildConfiguration;
			buildSettings = {
				ALWAYS_EMBED_SWIFT_STANDARD_LIBRARIES = YES;
				BUNDLE_LOADER = "$(TEST_HOST)";
				CODE_SIGN_STYLE = Automatic;
				CURRENT_PROJECT_VERSION = 1;
				GENERATE_INFOPLIST_FILE = YES;
				IPHONEOS_DEPLOYMENT_TARGET = 17.4;
				MARKETING_VERSION = 1.0;
				PRODUCT_BUNDLE_IDENTIFIER = "Junyoung.StayJun-TodoList-UITests";
				PRODUCT_NAME = "$(TARGET_NAME)";
				SWIFT_EMIT_LOC_STRINGS = NO;
				SWIFT_VERSION = 5.0;
				TARGETED_DEVICE_FAMILY = "1,2";
				TEST_HOST = "$(BUILT_PRODUCTS_DIR)/StayJun_TodoList_UI.app/$(BUNDLE_EXECUTABLE_FOLDER_PATH)/StayJun_TodoList_UI";
			};
			name = Release;
		};
		54F19E6F2BB6BB7C00EF0870 /* Debug */ = {
			isa = XCBuildConfiguration;
			buildSettings = {
				ALWAYS_EMBED_SWIFT_STANDARD_LIBRARIES = YES;
				CODE_SIGN_STYLE = Automatic;
				CURRENT_PROJECT_VERSION = 1;
				GENERATE_INFOPLIST_FILE = YES;
				MARKETING_VERSION = 1.0;
				PRODUCT_BUNDLE_IDENTIFIER = "Junyoung.StayJun-TodoList-UIUITests";
				PRODUCT_NAME = "$(TARGET_NAME)";
				SWIFT_EMIT_LOC_STRINGS = NO;
				SWIFT_VERSION = 5.0;
				TARGETED_DEVICE_FAMILY = "1,2";
				TEST_TARGET_NAME = StayJun_TodoList_UI;
			};
			name = Debug;
		};
		54F19E702BB6BB7C00EF0870 /* Release */ = {
			isa = XCBuildConfiguration;
			buildSettings = {
				ALWAYS_EMBED_SWIFT_STANDARD_LIBRARIES = YES;
				CODE_SIGN_STYLE = Automatic;
				CURRENT_PROJECT_VERSION = 1;
				GENERATE_INFOPLIST_FILE = YES;
				MARKETING_VERSION = 1.0;
				PRODUCT_BUNDLE_IDENTIFIER = "Junyoung.StayJun-TodoList-UIUITests";
				PRODUCT_NAME = "$(TARGET_NAME)";
				SWIFT_EMIT_LOC_STRINGS = NO;
				SWIFT_VERSION = 5.0;
				TARGETED_DEVICE_FAMILY = "1,2";
				TEST_TARGET_NAME = StayJun_TodoList_UI;
			};
			name = Release;
		};
/* End XCBuildConfiguration section */

/* Begin XCConfigurationList section */
		54F19E392BB6BB7B00EF0870 /* Build configuration list for PBXProject "TodoList" */ = {
			isa = XCConfigurationList;
			buildConfigurations = (
				54F19E662BB6BB7C00EF0870 /* Debug */,
				54F19E672BB6BB7C00EF0870 /* Release */,
			);
			defaultConfigurationIsVisible = 0;
			defaultConfigurationName = Release;
		};
		54F19E682BB6BB7C00EF0870 /* Build configuration list for PBXNativeTarget "TodoList_UI" */ = {
			isa = XCConfigurationList;
			buildConfigurations = (
				54F19E692BB6BB7C00EF0870 /* Debug */,
				54F19E6A2BB6BB7C00EF0870 /* Release */,
			);
			defaultConfigurationIsVisible = 0;
			defaultConfigurationName = Release;
		};
		54F19E6B2BB6BB7C00EF0870 /* Build configuration list for PBXNativeTarget "TodoList_UITests" */ = {
			isa = XCConfigurationList;
			buildConfigurations = (
				54F19E6C2BB6BB7C00EF0870 /* Debug */,
				54F19E6D2BB6BB7C00EF0870 /* Release */,
			);
			defaultConfigurationIsVisible = 0;
			defaultConfigurationName = Release;
		};
		54F19E6E2BB6BB7C00EF0870 /* Build configuration list for PBXNativeTarget "TodoList_UIUITests" */ = {
			isa = XCConfigurationList;
			buildConfigurations = (
				54F19E6F2BB6BB7C00EF0870 /* Debug */,
				54F19E702BB6BB7C00EF0870 /* Release */,
			);
			defaultConfigurationIsVisible = 0;
			defaultConfigurationName = Release;
		};
/* End XCConfigurationList section */
	};
	rootObject = 54F19E362BB6BB7B00EF0870 /* Project object */;
}
